# THIS IS AN AUTOGENERATED FILE. DO NOT EDIT THIS FILE DIRECTLY.
# yarn lockfile v1


uni-simple-router@^1.2.5:
  version "1.2.5"
  resolved "https://registry.yarnpkg.com/uni-simple-router/-/uni-simple-router-1.2.5.tgz#2c71ff5c44639788776df96065e4d73378378483"
  integrity sha512-S+I7mDszDxK++73sFZXThX1NODAtZfeyPiILY+KfZerVnBbFmxdGPRk1NbVGEI8K/B0mRHtwSu+L+BtedIhBYg==
